
Microsoft Visual Studio Solution File, Format Version 12.00
# Visual Studio Version 17
VisualStudioVersion = 17.5.33530.505
MinimumVisualStudioVersion = 10.0.40219.1
Project("{FAE04EC0-301F-11D3-BF4B-00C04F79EFBC}") = "Wi(e)so", "Wi(e)so\Wi(e)so.csproj", "{9FBB6B5F-9BD6-4C6C-9F41-C88AF15E5092}"
EndProject
Global
	GlobalSection(SolutionConfigurationPlatforms) = preSolution
		Debug|Any CPU = Debug|Any CPU
		Release|Any CPU = Release|Any CPU
	EndGlobalSection
	GlobalSection(ProjectConfigurationPlatforms) = postSolution
		{9FBB6B5F-9BD6-4C6C-9F41-C88AF15E5092}.Debug|Any CPU.ActiveCfg = Debug|Any CPU
		{9FBB6B5F-9BD6-4C6C-9F41-C88AF15E5092}.Debug|Any CPU.Build.0 = Debug|Any CPU
		{9FBB6B5F-9BD6-4C6C-9F41-C88AF15E5092}.Release|Any CPU.ActiveCfg = Release|Any CPU
		{9FBB6B5F-9BD6-4C6C-9F41-C88AF15E5092}.Release|Any CPU.Build.0 = Release|Any CPU
	EndGlobalSection
	GlobalSection(SolutionProperties) = preSolution
		HideSolutionNode = FALSE
	EndGlobalSection
	GlobalSection(ExtensibilityGlobals) = postSolution
		SolutionGuid = {233200D6-A9C8-442E-BABF-490376E9A8D9}
	EndGlobalSection
EndGlobal
